// !$*UTF8*$!
{
	archiveVersion = 1;
	classes = {
	};
	objectVersion = 46;
	objects = {

/* Begin PBXBuildFile section */
		D524F3371E84FE5A006B85ED /* AppDelegate.m in Sources */ = {isa = PBXBuildFile; fileRef = D524F3091E84FE5A006B85ED /* AppDelegate.m */; };
		D524F3381E84FE5A006B85ED /* main.m in Sources */ = {isa = PBXBuildFile; fileRef = D524F30A1E84FE5A006B85ED /* main.m */; };
		D524F3391E84FE5A006B85ED /* Info.plist in Resources */ = {isa = PBXBuildFile; fileRef = D524F30F1E84FE5A006B85ED /* Info.plist */; };
		D524F33A1E84FE5A006B85ED /* RYVideoViewController.m in Sources */ = {isa = PBXBuildFile; fileRef = D524F31E1E84FE5A006B85ED /* RYVideoViewController.m */; };
		D524F33B1E84FE5A006B85ED /* RYVideoRequestModel.m in Sources */ = {isa = PBXBuildFile; fileRef = D524F3221E84FE5A006B85ED /* RYVideoRequestModel.m */; };
		D524F33C1E84FE5A006B85ED /* RYVideoResponseModel.m in Sources */ = {isa = PBXBuildFile; fileRef = D524F3251E84FE5A006B85ED /* RYVideoResponseModel.m */; };
		D524F33D1E84FE5A006B85ED /* RYVideoPresenter.m in Sources */ = {isa = PBXBuildFile; fileRef = D524F3281E84FE5A006B85ED /* RYVideoPresenter.m */; };
		D524F33E1E84FE5A006B85ED /* RYVideoService.m in Sources */ = {isa = PBXBuildFile; fileRef = D524F32B1E84FE5A006B85ED /* RYVideoService.m */; };
		D524F33F1E84FE5A006B85ED /* RYVideoViewModel.m in Sources */ = {isa = PBXBuildFile; fileRef = D524F32F1E84FE5A006B85ED /* RYVideoViewModel.m */; };
		D524F3401E84FE5A006B85ED /* RYVideoView.m in Sources */ = {isa = PBXBuildFile; fileRef = D524F3321E84FE5A006B85ED /* RYVideoView.m */; };
		D524F3411E84FE5A006B85ED /* RYNetworkUtil.m in Sources */ = {isa = PBXBuildFile; fileRef = D524F3351E84FE5A006B85ED /* RYNetworkUtil.m */; };
		D556F1A71E82665300C2ACD6 /* Assets.xcassets in Resources */ = {isa = PBXBuildFile; fileRef = D556F1A61E82665300C2ACD6 /* Assets.xcassets */; };
		D556F1B51E82665300C2ACD6 /* MVP_DemoTests.m in Sources */ = {isa = PBXBuildFile; fileRef = D556F1B41E82665300C2ACD6 /* MVP_DemoTests.m */; };
		D556F1C01E82665300C2ACD6 /* MVP_DemoUITests.m in Sources */ = {isa = PBXBuildFile; fileRef = D556F1BF1E82665300C2ACD6 /* MVP_DemoUITests.m */; };
		D5DAEAC41E850CEA00E7161A /* RYNavigationController.m in Sources */ = {isa = PBXBuildFile; fileRef = D5DAEAC31E850CEA00E7161A /* RYNavigationController.m */; };
		D5DAEAC71E85117200E7161A /* RYHomeViewController.m in Sources */ = {isa = PBXBuildFile; fileRef = D5DAEAC61E85117200E7161A /* RYHomeViewController.m */; };
		D5DAEACA1E85136600E7161A /* UINavigationBar+Extention.m in Sources */ = {isa = PBXBuildFile; fileRef = D5DAEAC91E85136600E7161A /* UINavigationBar+Extention.m */; };
		D5DAEAD01E85246600E7161A /* RYTabBarController.m in Sources */ = {isa = PBXBuildFile; fileRef = D5DAEACF1E85246600E7161A /* RYTabBarController.m */; };
		D5DAEAD41E8524BF00E7161A /* RYTabBar.m in Sources */ = {isa = PBXBuildFile; fileRef = D5DAEAD31E8524BF00E7161A /* RYTabBar.m */; };
		D5DAEAD71E85250A00E7161A /* RYBarButtonItem.m in Sources */ = {isa = PBXBuildFile; fileRef = D5DAEAD61E85250A00E7161A /* RYBarButtonItem.m */; };
		D5DAEAF11E85289600E7161A /* RYMyselfViewController.m in Sources */ = {isa = PBXBuildFile; fileRef = D5DAEAF01E85289600E7161A /* RYMyselfViewController.m */; };
		D5DAEAFD1E8528E500E7161A /* RYDiscoverViewController.m in Sources */ = {isa = PBXBuildFile; fileRef = D5DAEAFC1E8528E500E7161A /* RYDiscoverViewController.m */; };
/* End PBXBuildFile section */

/* Begin PBXContainerItemProxy section */
		D556F1B11E82665300C2ACD6 /* PBXContainerItemProxy */ = {
			isa = PBXContainerItemProxy;
			containerPortal = D556F18F1E82665300C2ACD6 /* Project object */;
			proxyType = 1;
			remoteGlobalIDString = D556F1961E82665300C2ACD6;
			remoteInfo = MVP_Demo;
		};
		D556F1BC1E82665300C2ACD6 /* PBXContainerItemProxy */ = {
			isa = PBXContainerItemProxy;
			containerPortal = D556F18F1E82665300C2ACD6 /* Project object */;
			proxyType = 1;
			remoteGlobalIDString = D556F1961E82665300C2ACD6;
			remoteInfo = MVP_Demo;
		};
/* End PBXContainerItemProxy section */

/* Begin PBXFileReference section */
		D524F3081E84FE5A006B85ED /* AppDelegate.h */ = {isa = PBXFileReference; fileEncoding = 4; lastKnownFileType = sourcecode.c.h; path = AppDelegate.h; sourceTree = "<group>"; };
		D524F3091E84FE5A006B85ED /* AppDelegate.m */ = {isa = PBXFileReference; fileEncoding = 4; lastKnownFileType = sourcecode.c.objc; path = AppDelegate.m; sourceTree = "<group>"; };
		D524F30A1E84FE5A006B85ED /* main.m */ = {isa = PBXFileReference; fileEncoding = 4; lastKnownFileType = sourcecode.c.objc; path = main.m; sourceTree = "<group>"; };
		D524F30F1E84FE5A006B85ED /* Info.plist */ = {isa = PBXFileReference; fileEncoding = 4; lastKnownFileType = text.plist.xml; path = Info.plist; sourceTree = "<group>"; };
		D524F31D1E84FE5A006B85ED /* RYVideoViewController.h */ = {isa = PBXFileReference; fileEncoding = 4; lastKnownFileType = sourcecode.c.h; path = RYVideoViewController.h; sourceTree = "<group>"; };
		D524F31E1E84FE5A006B85ED /* RYVideoViewController.m */ = {isa = PBXFileReference; fileEncoding = 4; lastKnownFileType = sourcecode.c.objc; path = RYVideoViewController.m; sourceTree = "<group>"; };
		D524F3211E84FE5A006B85ED /* RYVideoRequestModel.h */ = {isa = PBXFileReference; fileEncoding = 4; lastKnownFileType = sourcecode.c.h; path = RYVideoRequestModel.h; sourceTree = "<group>"; };
		D524F3221E84FE5A006B85ED /* RYVideoRequestModel.m */ = {isa = PBXFileReference; fileEncoding = 4; lastKnownFileType = sourcecode.c.objc; path = RYVideoRequestModel.m; sourceTree = "<group>"; };
		D524F3241E84FE5A006B85ED /* RYVideoResponseModel.h */ = {isa = PBXFileReference; fileEncoding = 4; lastKnownFileType = sourcecode.c.h; path = RYVideoResponseModel.h; sourceTree = "<group>"; };
		D524F3251E84FE5A006B85ED /* RYVideoResponseModel.m */ = {isa = PBXFileReference; fileEncoding = 4; lastKnownFileType = sourcecode.c.objc; path = RYVideoResponseModel.m; sourceTree = "<group>"; };
		D524F3271E84FE5A006B85ED /* RYVideoPresenter.h */ = {isa = PBXFileReference; fileEncoding = 4; lastKnownFileType = sourcecode.c.h; path = RYVideoPresenter.h; sourceTree = "<group>"; };
		D524F3281E84FE5A006B85ED /* RYVideoPresenter.m */ = {isa = PBXFileReference; fileEncoding = 4; lastKnownFileType = sourcecode.c.objc; path = RYVideoPresenter.m; sourceTree = "<group>"; };
		D524F32A1E84FE5A006B85ED /* RYVideoService.h */ = {isa = PBXFileReference; fileEncoding = 4; lastKnownFileType = sourcecode.c.h; path = RYVideoService.h; sourceTree = "<group>"; };
		D524F32B1E84FE5A006B85ED /* RYVideoService.m */ = {isa = PBXFileReference; fileEncoding = 4; lastKnownFileType = sourcecode.c.objc; path = RYVideoService.m; sourceTree = "<group>"; };
		D524F32E1E84FE5A006B85ED /* RYVideoViewModel.h */ = {isa = PBXFileReference; fileEncoding = 4; lastKnownFileType = sourcecode.c.h; path = RYVideoViewModel.h; sourceTree = "<group>"; };
		D524F32F1E84FE5A006B85ED /* RYVideoViewModel.m */ = {isa = PBXFileReference; fileEncoding = 4; lastKnownFileType = sourcecode.c.objc; path = RYVideoViewModel.m; sourceTree = "<group>"; };
		D524F3311E84FE5A006B85ED /* RYVideoView.h */ = {isa = PBXFileReference; fileEncoding = 4; lastKnownFileType = sourcecode.c.h; path = RYVideoView.h; sourceTree = "<group>"; };
		D524F3321E84FE5A006B85ED /* RYVideoView.m */ = {isa = PBXFileReference; fileEncoding = 4; lastKnownFileType = sourcecode.c.objc; path = RYVideoView.m; sourceTree = "<group>"; };
		D524F3341E84FE5A006B85ED /* RYNetworkUtil.h */ = {isa = PBXFileReference; fileEncoding = 4; lastKnownFileType = sourcecode.c.h; path = RYNetworkUtil.h; sourceTree = "<group>"; };
		D524F3351E84FE5A006B85ED /* RYNetworkUtil.m */ = {isa = PBXFileReference; fileEncoding = 4; lastKnownFileType = sourcecode.c.objc; path = RYNetworkUtil.m; sourceTree = "<group>"; };
		D556F1971E82665300C2ACD6 /* MVP_Demo.app */ = {isa = PBXFileReference; explicitFileType = wrapper.application; includeInIndex = 0; path = MVP_Demo.app; sourceTree = BUILT_PRODUCTS_DIR; };
		D556F1A61E82665300C2ACD6 /* Assets.xcassets */ = {isa = PBXFileReference; lastKnownFileType = folder.assetcatalog; path = Assets.xcassets; sourceTree = "<group>"; };
		D556F1B01E82665300C2ACD6 /* MVP_DemoTests.xctest */ = {isa = PBXFileReference; explicitFileType = wrapper.cfbundle; includeInIndex = 0; path = MVP_DemoTests.xctest; sourceTree = BUILT_PRODUCTS_DIR; };
		D556F1B41E82665300C2ACD6 /* MVP_DemoTests.m */ = {isa = PBXFileReference; lastKnownFileType = sourcecode.c.objc; path = MVP_DemoTests.m; sourceTree = "<group>"; };
		D556F1B61E82665300C2ACD6 /* Info.plist */ = {isa = PBXFileReference; lastKnownFileType = text.plist.xml; path = Info.plist; sourceTree = "<group>"; };
		D556F1BB1E82665300C2ACD6 /* MVP_DemoUITests.xctest */ = {isa = PBXFileReference; explicitFileType = wrapper.cfbundle; includeInIndex = 0; path = MVP_DemoUITests.xctest; sourceTree = BUILT_PRODUCTS_DIR; };
		D556F1BF1E82665300C2ACD6 /* MVP_DemoUITests.m */ = {isa = PBXFileReference; lastKnownFileType = sourcecode.c.objc; path = MVP_DemoUITests.m; sourceTree = "<group>"; };
		D556F1C11E82665300C2ACD6 /* Info.plist */ = {isa = PBXFileReference; lastKnownFileType = text.plist.xml; path = Info.plist; sourceTree = "<group>"; };
		D5DAEAC21E850CEA00E7161A /* RYNavigationController.h */ = {isa = PBXFileReference; fileEncoding = 4; lastKnownFileType = sourcecode.c.h; path = RYNavigationController.h; sourceTree = "<group>"; };
		D5DAEAC31E850CEA00E7161A /* RYNavigationController.m */ = {isa = PBXFileReference; fileEncoding = 4; lastKnownFileType = sourcecode.c.objc; path = RYNavigationController.m; sourceTree = "<group>"; };
		D5DAEAC51E85117200E7161A /* RYHomeViewController.h */ = {isa = PBXFileReference; fileEncoding = 4; lastKnownFileType = sourcecode.c.h; path = RYHomeViewController.h; sourceTree = "<group>"; };
		D5DAEAC61E85117200E7161A /* RYHomeViewController.m */ = {isa = PBXFileReference; fileEncoding = 4; lastKnownFileType = sourcecode.c.objc; path = RYHomeViewController.m; sourceTree = "<group>"; };
		D5DAEAC81E85136600E7161A /* UINavigationBar+Extention.h */ = {isa = PBXFileReference; fileEncoding = 4; lastKnownFileType = sourcecode.c.h; path = "UINavigationBar+Extention.h"; sourceTree = "<group>"; };
		D5DAEAC91E85136600E7161A /* UINavigationBar+Extention.m */ = {isa = PBXFileReference; fileEncoding = 4; lastKnownFileType = sourcecode.c.objc; path = "UINavigationBar+Extention.m"; sourceTree = "<group>"; };
		D5DAEACE1E85246600E7161A /* RYTabBarController.h */ = {isa = PBXFileReference; fileEncoding = 4; lastKnownFileType = sourcecode.c.h; path = RYTabBarController.h; sourceTree = "<group>"; };
		D5DAEACF1E85246600E7161A /* RYTabBarController.m */ = {isa = PBXFileReference; fileEncoding = 4; lastKnownFileType = sourcecode.c.objc; path = RYTabBarController.m; sourceTree = "<group>"; };
		D5DAEAD21E8524BF00E7161A /* RYTabBar.h */ = {isa = PBXFileReference; fileEncoding = 4; lastKnownFileType = sourcecode.c.h; path = RYTabBar.h; sourceTree = "<group>"; };
		D5DAEAD31E8524BF00E7161A /* RYTabBar.m */ = {isa = PBXFileReference; fileEncoding = 4; lastKnownFileType = sourcecode.c.objc; path = RYTabBar.m; sourceTree = "<group>"; };
		D5DAEAD51E85250A00E7161A /* RYBarButtonItem.h */ = {isa = PBXFileReference; fileEncoding = 4; lastKnownFileType = sourcecode.c.h; path = RYBarButtonItem.h; sourceTree = "<group>"; };
		D5DAEAD61E85250A00E7161A /* RYBarButtonItem.m */ = {isa = PBXFileReference; fileEncoding = 4; lastKnownFileType = sourcecode.c.objc; path = RYBarButtonItem.m; sourceTree = "<group>"; };
		D5DAEAEF1E85289600E7161A /* RYMyselfViewController.h */ = {isa = PBXFileReference; fileEncoding = 4; lastKnownFileType = sourcecode.c.h; path = RYMyselfViewController.h; sourceTree = "<group>"; };
		D5DAEAF01E85289600E7161A /* RYMyselfViewController.m */ = {isa = PBXFileReference; fileEncoding = 4; lastKnownFileType = sourcecode.c.objc; path = RYMyselfViewController.m; sourceTree = "<group>"; };
		D5DAEAFB1E8528E500E7161A /* RYDiscoverViewController.h */ = {isa = PBXFileReference; fileEncoding = 4; lastKnownFileType = sourcecode.c.h; path = RYDiscoverViewController.h; sourceTree = "<group>"; };
		D5DAEAFC1E8528E500E7161A /* RYDiscoverViewController.m */ = {isa = PBXFileReference; fileEncoding = 4; lastKnownFileType = sourcecode.c.objc; path = RYDiscoverViewController.m; sourceTree = "<group>"; };
/* End PBXFileReference section */

/* Begin PBXFrameworksBuildPhase section */
		D556F1941E82665300C2ACD6 /* Frameworks */ = {
			isa = PBXFrameworksBuildPhase;
			buildActionMask = 2147483647;
			files = (
			);
			runOnlyForDeploymentPostprocessing = 0;
		};
		D556F1AD1E82665300C2ACD6 /* Frameworks */ = {
			isa = PBXFrameworksBuildPhase;
			buildActionMask = 2147483647;
			files = (
			);
			runOnlyForDeploymentPostprocessing = 0;
		};
		D556F1B81E82665300C2ACD6 /* Frameworks */ = {
			isa = PBXFrameworksBuildPhase;
			buildActionMask = 2147483647;
			files = (
			);
			runOnlyForDeploymentPostprocessing = 0;
		};
/* End PBXFrameworksBuildPhase section */

/* Begin PBXGroup section */
		D524F3061E84FE5A006B85ED /* Classes */ = {
			isa = PBXGroup;
			children = (
				D524F3071E84FE5A006B85ED /* Application(应用程序) */,
				D524F30B1E84FE5A006B85ED /* General(公共基类) */,
				D524F30C1E84FE5A006B85ED /* Macro(宏定义和常量) */,
				D524F30D1E84FE5A006B85ED /* Resuorces(资源文件) */,
				D524F3101E84FE5A006B85ED /* Sections(业务模块) */,
				D524F3331E84FE5A006B85ED /* Utilities(工具类) */,
				D524F3361E84FE5A006B85ED /* Vendors(三方架构) */,
			);
			path = Classes;
			sourceTree = "<group>";
		};
		D524F3071E84FE5A006B85ED /* Application(应用程序) */ = {
			isa = PBXGroup;
			children = (
				D524F3081E84FE5A006B85ED /* AppDelegate.h */,
				D524F3091E84FE5A006B85ED /* AppDelegate.m */,
				D524F30A1E84FE5A006B85ED /* main.m */,
			);
			path = "Application(应用程序)";
			sourceTree = "<group>";
		};
		D524F30B1E84FE5A006B85ED /* General(公共基类) */ = {
			isa = PBXGroup;
			children = (
				D591855C1E8509D00002BA25 /* Categories */,
				D591855D1E8509D00002BA25 /* Controllers */,
				D591855E1E8509D00002BA25 /* Models */,
				D591855F1E8509D00002BA25 /* Presenters */,
				D59185601E8509D00002BA25 /* Services */,
				D5DAEAD11E8524A500E7161A /* Views */,
			);
			path = "General(公共基类)";
			sourceTree = "<group>";
		};
		D524F30C1E84FE5A006B85ED /* Macro(宏定义和常量) */ = {
			isa = PBXGroup;
			children = (
			);
			path = "Macro(宏定义和常量)";
			sourceTree = "<group>";
		};
		D524F30D1E84FE5A006B85ED /* Resuorces(资源文件) */ = {
			isa = PBXGroup;
			children = (
				D524F30E1E84FE5A006B85ED /* Plist */,
			);
			path = "Resuorces(资源文件)";
			sourceTree = "<group>";
		};
		D524F30E1E84FE5A006B85ED /* Plist */ = {
			isa = PBXGroup;
			children = (
				D524F30F1E84FE5A006B85ED /* Info.plist */,
			);
			path = Plist;
			sourceTree = "<group>";
		};
		D524F3101E84FE5A006B85ED /* Sections(业务模块) */ = {
			isa = PBXGroup;
			children = (
				D59185521E85090D0002BA25 /* Home */,
				D524F3111E84FE5A006B85ED /* Login */,
				D524F31B1E84FE5A006B85ED /* Video */,
				D5DAEAD81E85283300E7161A /* Discover */,
				D5DAEAD91E85283300E7161A /* MySelf */,
			);
			path = "Sections(业务模块)";
			sourceTree = "<group>";
		};
		D524F3111E84FE5A006B85ED /* Login */ = {
			isa = PBXGroup;
			children = (
				D524F3121E84FE5A006B85ED /* Controllers */,
				D524F3131E84FE5A006B85ED /* Models */,
				D524F3161E84FE5A006B85ED /* Presenters */,
				D524F3171E84FE5A006B85ED /* Services */,
				D524F3181E84FE5A006B85ED /* Views */,
			);
			path = Login;
			sourceTree = "<group>";
		};
		D524F3121E84FE5A006B85ED /* Controllers */ = {
			isa = PBXGroup;
			children = (
			);
			path = Controllers;
			sourceTree = "<group>";
		};
		D524F3131E84FE5A006B85ED /* Models */ = {
			isa = PBXGroup;
			children = (
				D524F3141E84FE5A006B85ED /* RequestModel */,
				D524F3151E84FE5A006B85ED /* ResponseModel */,
			);
			path = Models;
			sourceTree = "<group>";
		};
		D524F3141E84FE5A006B85ED /* RequestModel */ = {
			isa = PBXGroup;
			children = (
			);
			path = RequestModel;
			sourceTree = "<group>";
		};
		D524F3151E84FE5A006B85ED /* ResponseModel */ = {
			isa = PBXGroup;
			children = (
			);
			path = ResponseModel;
			sourceTree = "<group>";
		};
		D524F3161E84FE5A006B85ED /* Presenters */ = {
			isa = PBXGroup;
			children = (
			);
			path = Presenters;
			sourceTree = "<group>";
		};
		D524F3171E84FE5A006B85ED /* Services */ = {
			isa = PBXGroup;
			children = (
			);
			path = Services;
			sourceTree = "<group>";
		};
		D524F3181E84FE5A006B85ED /* Views */ = {
			isa = PBXGroup;
			children = (
				D524F3191E84FE5A006B85ED /* ViewModels */,
				D524F31A1E84FE5A006B85ED /* Views */,
			);
			path = Views;
			sourceTree = "<group>";
		};
		D524F3191E84FE5A006B85ED /* ViewModels */ = {
			isa = PBXGroup;
			children = (
			);
			path = ViewModels;
			sourceTree = "<group>";
		};
		D524F31A1E84FE5A006B85ED /* Views */ = {
			isa = PBXGroup;
			children = (
			);
			path = Views;
			sourceTree = "<group>";
		};
		D524F31B1E84FE5A006B85ED /* Video */ = {
			isa = PBXGroup;
			children = (
				D524F31C1E84FE5A006B85ED /* Controllers */,
				D524F31F1E84FE5A006B85ED /* Models */,
				D524F3261E84FE5A006B85ED /* Presenters */,
				D524F3291E84FE5A006B85ED /* Services */,
				D524F32C1E84FE5A006B85ED /* Views */,
			);
			path = Video;
			sourceTree = "<group>";
		};
		D524F31C1E84FE5A006B85ED /* Controllers */ = {
			isa = PBXGroup;
			children = (
				D524F31D1E84FE5A006B85ED /* RYVideoViewController.h */,
				D524F31E1E84FE5A006B85ED /* RYVideoViewController.m */,
			);
			path = Controllers;
			sourceTree = "<group>";
		};
		D524F31F1E84FE5A006B85ED /* Models */ = {
			isa = PBXGroup;
			children = (
				D524F3201E84FE5A006B85ED /* RequestModel */,
				D524F3231E84FE5A006B85ED /* ResponseModel */,
			);
			path = Models;
			sourceTree = "<group>";
		};
		D524F3201E84FE5A006B85ED /* RequestModel */ = {
			isa = PBXGroup;
			children = (
				D524F3211E84FE5A006B85ED /* RYVideoRequestModel.h */,
				D524F3221E84FE5A006B85ED /* RYVideoRequestModel.m */,
			);
			path = RequestModel;
			sourceTree = "<group>";
		};
		D524F3231E84FE5A006B85ED /* ResponseModel */ = {
			isa = PBXGroup;
			children = (
				D524F3241E84FE5A006B85ED /* RYVideoResponseModel.h */,
				D524F3251E84FE5A006B85ED /* RYVideoResponseModel.m */,
			);
			path = ResponseModel;
			sourceTree = "<group>";
		};
		D524F3261E84FE5A006B85ED /* Presenters */ = {
			isa = PBXGroup;
			children = (
				D524F3271E84FE5A006B85ED /* RYVideoPresenter.h */,
				D524F3281E84FE5A006B85ED /* RYVideoPresenter.m */,
			);
			path = Presenters;
			sourceTree = "<group>";
		};
		D524F3291E84FE5A006B85ED /* Services */ = {
			isa = PBXGroup;
			children = (
				D524F32A1E84FE5A006B85ED /* RYVideoService.h */,
				D524F32B1E84FE5A006B85ED /* RYVideoService.m */,
			);
			path = Services;
			sourceTree = "<group>";
		};
		D524F32C1E84FE5A006B85ED /* Views */ = {
			isa = PBXGroup;
			children = (
				D524F32D1E84FE5A006B85ED /* ViewModels */,
				D524F3301E84FE5A006B85ED /* Views */,
			);
			path = Views;
			sourceTree = "<group>";
		};
		D524F32D1E84FE5A006B85ED /* ViewModels */ = {
			isa = PBXGroup;
			children = (
				D524F32E1E84FE5A006B85ED /* RYVideoViewModel.h */,
				D524F32F1E84FE5A006B85ED /* RYVideoViewModel.m */,
			);
			path = ViewModels;
			sourceTree = "<group>";
		};
		D524F3301E84FE5A006B85ED /* Views */ = {
			isa = PBXGroup;
			children = (
				D524F3311E84FE5A006B85ED /* RYVideoView.h */,
				D524F3321E84FE5A006B85ED /* RYVideoView.m */,
			);
			path = Views;
			sourceTree = "<group>";
		};
		D524F3331E84FE5A006B85ED /* Utilities(工具类) */ = {
			isa = PBXGroup;
			children = (
				D524F3341E84FE5A006B85ED /* RYNetworkUtil.h */,
				D524F3351E84FE5A006B85ED /* RYNetworkUtil.m */,
			);
			path = "Utilities(工具类)";
			sourceTree = "<group>";
		};
		D524F3361E84FE5A006B85ED /* Vendors(三方架构) */ = {
			isa = PBXGroup;
			children = (
			);
			path = "Vendors(三方架构)";
			sourceTree = "<group>";
		};
		D556F18E1E82665200C2ACD6 = {
			isa = PBXGroup;
			children = (
				D556F1991E82665300C2ACD6 /* MVP_Demo */,
				D556F1B31E82665300C2ACD6 /* MVP_DemoTests */,
				D556F1BE1E82665300C2ACD6 /* MVP_DemoUITests */,
				D556F1981E82665300C2ACD6 /* Products */,
			);
			sourceTree = "<group>";
		};
		D556F1981E82665300C2ACD6 /* Products */ = {
			isa = PBXGroup;
			children = (
				D556F1971E82665300C2ACD6 /* MVP_Demo.app */,
				D556F1B01E82665300C2ACD6 /* MVP_DemoTests.xctest */,
				D556F1BB1E82665300C2ACD6 /* MVP_DemoUITests.xctest */,
			);
			name = Products;
			sourceTree = "<group>";
		};
		D556F1991E82665300C2ACD6 /* MVP_Demo */ = {
			isa = PBXGroup;
			children = (
				D524F3061E84FE5A006B85ED /* Classes */,
				D556F19A1E82665300C2ACD6 /* Supporting Files */,
			);
			path = MVP_Demo;
			sourceTree = "<group>";
		};
		D556F19A1E82665300C2ACD6 /* Supporting Files */ = {
			isa = PBXGroup;
			children = (
				D556F1A61E82665300C2ACD6 /* Assets.xcassets */,
			);
			name = "Supporting Files";
			sourceTree = "<group>";
		};
		D556F1B31E82665300C2ACD6 /* MVP_DemoTests */ = {
			isa = PBXGroup;
			children = (
				D556F1B41E82665300C2ACD6 /* MVP_DemoTests.m */,
				D556F1B61E82665300C2ACD6 /* Info.plist */,
			);
			path = MVP_DemoTests;
			sourceTree = "<group>";
		};
		D556F1BE1E82665300C2ACD6 /* MVP_DemoUITests */ = {
			isa = PBXGroup;
			children = (
				D556F1BF1E82665300C2ACD6 /* MVP_DemoUITests.m */,
				D556F1C11E82665300C2ACD6 /* Info.plist */,
			);
			path = MVP_DemoUITests;
			sourceTree = "<group>";
		};
		D59185521E85090D0002BA25 /* Home */ = {
			isa = PBXGroup;
			children = (
				D59185531E85090D0002BA25 /* Controllers */,
				D59185541E85090D0002BA25 /* Models */,
				D59185571E85090D0002BA25 /* Presenters */,
				D59185581E85090D0002BA25 /* Services */,
				D59185591E85090D0002BA25 /* Views */,
			);
			path = Home;
			sourceTree = "<group>";
		};
		D59185531E85090D0002BA25 /* Controllers */ = {
			isa = PBXGroup;
			children = (
				D5DAEAC51E85117200E7161A /* RYHomeViewController.h */,
				D5DAEAC61E85117200E7161A /* RYHomeViewController.m */,
			);
			path = Controllers;
			sourceTree = "<group>";
		};
		D59185541E85090D0002BA25 /* Models */ = {
			isa = PBXGroup;
			children = (
				D59185551E85090D0002BA25 /* RequestModel */,
				D59185561E85090D0002BA25 /* ResponseModel */,
			);
			path = Models;
			sourceTree = "<group>";
		};
		D59185551E85090D0002BA25 /* RequestModel */ = {
			isa = PBXGroup;
			children = (
			);
			path = RequestModel;
			sourceTree = "<group>";
		};
		D59185561E85090D0002BA25 /* ResponseModel */ = {
			isa = PBXGroup;
			children = (
			);
			path = ResponseModel;
			sourceTree = "<group>";
		};
		D59185571E85090D0002BA25 /* Presenters */ = {
			isa = PBXGroup;
			children = (
			);
			path = Presenters;
			sourceTree = "<group>";
		};
		D59185581E85090D0002BA25 /* Services */ = {
			isa = PBXGroup;
			children = (
			);
			path = Services;
			sourceTree = "<group>";
		};
		D59185591E85090D0002BA25 /* Views */ = {
			isa = PBXGroup;
			children = (
				D591855A1E85090D0002BA25 /* ViewModels */,
				D591855B1E85090D0002BA25 /* Views */,
			);
			path = Views;
			sourceTree = "<group>";
		};
		D591855A1E85090D0002BA25 /* ViewModels */ = {
			isa = PBXGroup;
			children = (
			);
			path = ViewModels;
			sourceTree = "<group>";
		};
		D591855B1E85090D0002BA25 /* Views */ = {
			isa = PBXGroup;
			children = (
			);
			path = Views;
			sourceTree = "<group>";
		};
		D591855C1E8509D00002BA25 /* Categories */ = {
			isa = PBXGroup;
			children = (
				D5DAEAC81E85136600E7161A /* UINavigationBar+Extention.h */,
				D5DAEAC91E85136600E7161A /* UINavigationBar+Extention.m */,
			);
			path = Categories;
			sourceTree = "<group>";
		};
		D591855D1E8509D00002BA25 /* Controllers */ = {
			isa = PBXGroup;
			children = (
				D5DAEAC21E850CEA00E7161A /* RYNavigationController.h */,
				D5DAEAC31E850CEA00E7161A /* RYNavigationController.m */,
				D5DAEACE1E85246600E7161A /* RYTabBarController.h */,
				D5DAEACF1E85246600E7161A /* RYTabBarController.m */,
			);
			path = Controllers;
			sourceTree = "<group>";
		};
		D591855E1E8509D00002BA25 /* Models */ = {
			isa = PBXGroup;
			children = (
			);
			path = Models;
			sourceTree = "<group>";
		};
		D591855F1E8509D00002BA25 /* Presenters */ = {
			isa = PBXGroup;
			children = (
			);
			path = Presenters;
			sourceTree = "<group>";
		};
		D59185601E8509D00002BA25 /* Services */ = {
			isa = PBXGroup;
			children = (
			);
			path = Services;
			sourceTree = "<group>";
		};
		D5DAEAD11E8524A500E7161A /* Views */ = {
			isa = PBXGroup;
			children = (
				D5DAEAD21E8524BF00E7161A /* RYTabBar.h */,
				D5DAEAD31E8524BF00E7161A /* RYTabBar.m */,
				D5DAEAD51E85250A00E7161A /* RYBarButtonItem.h */,
				D5DAEAD61E85250A00E7161A /* RYBarButtonItem.m */,
			);
			path = Views;
			sourceTree = "<group>";
		};
		D5DAEAD81E85283300E7161A /* Discover */ = {
			isa = PBXGroup;
			children = (
				D5DAEAF21E8528D500E7161A /* Controllers */,
				D5DAEAF31E8528D500E7161A /* Models */,
				D5DAEAF61E8528D500E7161A /* Presenters */,
				D5DAEAF71E8528D500E7161A /* Services */,
				D5DAEAF81E8528D500E7161A /* Views */,
			);
			path = Discover;
			sourceTree = "<group>";
		};
		D5DAEAD91E85283300E7161A /* MySelf */ = {
			isa = PBXGroup;
			children = (
				D5DAEADA1E85284E00E7161A /* Controllers */,
				D5DAEADB1E85284E00E7161A /* Models */,
				D5DAEADE1E85284E00E7161A /* Presenters */,
				D5DAEADF1E85284E00E7161A /* Services */,
				D5DAEAE01E85284E00E7161A /* Views */,
			);
			path = MySelf;
			sourceTree = "<group>";
		};
		D5DAEADA1E85284E00E7161A /* Controllers */ = {
			isa = PBXGroup;
			children = (
				D5DAEAE31E85285600E7161A /* Controllers */,
				D5DAEAE41E85285600E7161A /* Models */,
				D5DAEAE71E85285600E7161A /* Presenters */,
				D5DAEAE81E85285600E7161A /* Services */,
				D5DAEAE91E85285600E7161A /* Views */,
			);
			path = Controllers;
			sourceTree = "<group>";
		};
		D5DAEADB1E85284E00E7161A /* Models */ = {
			isa = PBXGroup;
			children = (
				D5DAEADC1E85284E00E7161A /* RequestModel */,
				D5DAEADD1E85284E00E7161A /* ResponseModel */,
			);
			path = Models;
			sourceTree = "<group>";
		};
		D5DAEADC1E85284E00E7161A /* RequestModel */ = {
			isa = PBXGroup;
			children = (
			);
			path = RequestModel;
			sourceTree = "<group>";
		};
		D5DAEADD1E85284E00E7161A /* ResponseModel */ = {
			isa = PBXGroup;
			children = (
			);
			path = ResponseModel;
			sourceTree = "<group>";
		};
		D5DAEADE1E85284E00E7161A /* Presenters */ = {
			isa = PBXGroup;
			children = (
			);
			path = Presenters;
			sourceTree = "<group>";
		};
		D5DAEADF1E85284E00E7161A /* Services */ = {
			isa = PBXGroup;
			children = (
			);
			path = Services;
			sourceTree = "<group>";
		};
		D5DAEAE01E85284E00E7161A /* Views */ = {
			isa = PBXGroup;
			children = (
				D5DAEAE11E85284E00E7161A /* ViewModels */,
				D5DAEAE21E85284E00E7161A /* Views */,
			);
			path = Views;
			sourceTree = "<group>";
		};
		D5DAEAE11E85284E00E7161A /* ViewModels */ = {
			isa = PBXGroup;
			children = (
			);
			path = ViewModels;
			sourceTree = "<group>";
		};
		D5DAEAE21E85284E00E7161A /* Views */ = {
			isa = PBXGroup;
			children = (
			);
			path = Views;
			sourceTree = "<group>";
		};
		D5DAEAE31E85285600E7161A /* Controllers */ = {
			isa = PBXGroup;
			children = (
				D5DAEAEF1E85289600E7161A /* RYMyselfViewController.h */,
				D5DAEAF01E85289600E7161A /* RYMyselfViewController.m */,
			);
			path = Controllers;
			sourceTree = "<group>";
		};
		D5DAEAE41E85285600E7161A /* Models */ = {
			isa = PBXGroup;
			children = (
				D5DAEAE51E85285600E7161A /* RequestModel */,
				D5DAEAE61E85285600E7161A /* ResponseModel */,
			);
			path = Models;
			sourceTree = "<group>";
		};
		D5DAEAE51E85285600E7161A /* RequestModel */ = {
			isa = PBXGroup;
			children = (
			);
			path = RequestModel;
			sourceTree = "<group>";
		};
		D5DAEAE61E85285600E7161A /* ResponseModel */ = {
			isa = PBXGroup;
			children = (
			);
			path = ResponseModel;
			sourceTree = "<group>";
		};
		D5DAEAE71E85285600E7161A /* Presenters */ = {
			isa = PBXGroup;
			children = (
			);
			path = Presenters;
			sourceTree = "<group>";
		};
		D5DAEAE81E85285600E7161A /* Services */ = {
			isa = PBXGroup;
			children = (
			);
			path = Services;
			sourceTree = "<group>";
		};
		D5DAEAE91E85285600E7161A /* Views */ = {
			isa = PBXGroup;
			children = (
				D5DAEAEA1E85285600E7161A /* ViewModels */,
				D5DAEAEB1E85285600E7161A /* Views */,
			);
			path = Views;
			sourceTree = "<group>";
		};
		D5DAEAEA1E85285600E7161A /* ViewModels */ = {
			isa = PBXGroup;
			children = (
			);
			path = ViewModels;
			sourceTree = "<group>";
		};
		D5DAEAEB1E85285600E7161A /* Views */ = {
			isa = PBXGroup;
			children = (
			);
			path = Views;
			sourceTree = "<group>";
		};
		D5DAEAF21E8528D500E7161A /* Controllers */ = {
			isa = PBXGroup;
			children = (
				D5DAEAFB1E8528E500E7161A /* RYDiscoverViewController.h */,
				D5DAEAFC1E8528E500E7161A /* RYDiscoverViewController.m */,
			);
			path = Controllers;
			sourceTree = "<group>";
		};
		D5DAEAF31E8528D500E7161A /* Models */ = {
			isa = PBXGroup;
			children = (
				D5DAEAF41E8528D500E7161A /* RequestModel */,
				D5DAEAF51E8528D500E7161A /* ResponseModel */,
			);
			path = Models;
			sourceTree = "<group>";
		};
		D5DAEAF41E8528D500E7161A /* RequestModel */ = {
			isa = PBXGroup;
			children = (
			);
			path = RequestModel;
			sourceTree = "<group>";
		};
		D5DAEAF51E8528D500E7161A /* ResponseModel */ = {
			isa = PBXGroup;
			children = (
			);
			path = ResponseModel;
			sourceTree = "<group>";
		};
		D5DAEAF61E8528D500E7161A /* Presenters */ = {
			isa = PBXGroup;
			children = (
			);
			path = Presenters;
			sourceTree = "<group>";
		};
		D5DAEAF71E8528D500E7161A /* Services */ = {
			isa = PBXGroup;
			children = (
			);
			path = Services;
			sourceTree = "<group>";
		};
		D5DAEAF81E8528D500E7161A /* Views */ = {
			isa = PBXGroup;
			children = (
				D5DAEAF91E8528D500E7161A /* ViewModels */,
				D5DAEAFA1E8528D500E7161A /* Views */,
			);
			path = Views;
			sourceTree = "<group>";
		};
		D5DAEAF91E8528D500E7161A /* ViewModels */ = {
			isa = PBXGroup;
			children = (
			);
			path = ViewModels;
			sourceTree = "<group>";
		};
		D5DAEAFA1E8528D500E7161A /* Views */ = {
			isa = PBXGroup;
			children = (
			);
			path = Views;
			sourceTree = "<group>";
		};
/* End PBXGroup section */

/* Begin PBXNativeTarget section */
		D556F1961E82665300C2ACD6 /* MVP_Demo */ = {
			isa = PBXNativeTarget;
			buildConfigurationList = D556F1C41E82665300C2ACD6 /* Build configuration list for PBXNativeTarget "MVP_Demo" */;
			buildPhases = (
				D556F1931E82665300C2ACD6 /* Sources */,
				D556F1941E82665300C2ACD6 /* Frameworks */,
				D556F1951E82665300C2ACD6 /* Resources */,
			);
			buildRules = (
			);
			dependencies = (
			);
			name = MVP_Demo;
			productName = MVP_Demo;
			productReference = D556F1971E82665300C2ACD6 /* MVP_Demo.app */;
			productType = "com.apple.product-type.application";
		};
		D556F1AF1E82665300C2ACD6 /* MVP_DemoTests */ = {
			isa = PBXNativeTarget;
			buildConfigurationList = D556F1C71E82665300C2ACD6 /* Build configuration list for PBXNativeTarget "MVP_DemoTests" */;
			buildPhases = (
				D556F1AC1E82665300C2ACD6 /* Sources */,
				D556F1AD1E82665300C2ACD6 /* Frameworks */,
				D556F1AE1E82665300C2ACD6 /* Resources */,
			);
			buildRules = (
			);
			dependencies = (
				D556F1B21E82665300C2ACD6 /* PBXTargetDependency */,
			);
			name = MVP_DemoTests;
			productName = MVP_DemoTests;
			productReference = D556F1B01E82665300C2ACD6 /* MVP_DemoTests.xctest */;
			productType = "com.apple.product-type.bundle.unit-test";
		};
		D556F1BA1E82665300C2ACD6 /* MVP_DemoUITests */ = {
			isa = PBXNativeTarget;
			buildConfigurationList = D556F1CA1E82665300C2ACD6 /* Build configuration list for PBXNativeTarget "MVP_DemoUITests" */;
			buildPhases = (
				D556F1B71E82665300C2ACD6 /* Sources */,
				D556F1B81E82665300C2ACD6 /* Frameworks */,
				D556F1B91E82665300C2ACD6 /* Resources */,
			);
			buildRules = (
			);
			dependencies = (
				D556F1BD1E82665300C2ACD6 /* PBXTargetDependency */,
			);
			name = MVP_DemoUITests;
			productName = MVP_DemoUITests;
			productReference = D556F1BB1E82665300C2ACD6 /* MVP_DemoUITests.xctest */;
			productType = "com.apple.product-type.bundle.ui-testing";
		};
/* End PBXNativeTarget section */

/* Begin PBXProject section */
		D556F18F1E82665300C2ACD6 /* Project object */ = {
			isa = PBXProject;
			attributes = {
				CLASSPREFIX = RY;
				LastUpgradeCheck = 0820;
				ORGANIZATIONNAME = Rainer;
				TargetAttributes = {
					D556F1961E82665300C2ACD6 = {
						CreatedOnToolsVersion = 8.2.1;
						DevelopmentTeam = TYM245E8PV;
						ProvisioningStyle = Automatic;
					};
					D556F1AF1E82665300C2ACD6 = {
						CreatedOnToolsVersion = 8.2.1;
						ProvisioningStyle = Automatic;
						TestTargetID = D556F1961E82665300C2ACD6;
					};
					D556F1BA1E82665300C2ACD6 = {
						CreatedOnToolsVersion = 8.2.1;
						ProvisioningStyle = Automatic;
						TestTargetID = D556F1961E82665300C2ACD6;
					};
				};
			};
			buildConfigurationList = D556F1921E82665300C2ACD6 /* Build configuration list for PBXProject "MVP_Demo" */;
			compatibilityVersion = "Xcode 3.2";
			developmentRegion = English;
			hasScannedForEncodings = 0;
			knownRegions = (
				en,
				Base,
			);
			mainGroup = D556F18E1E82665200C2ACD6;
			productRefGroup = D556F1981E82665300C2ACD6 /* Products */;
			projectDirPath = "";
			projectRoot = "";
			targets = (
				D556F1961E82665300C2ACD6 /* MVP_Demo */,
				D556F1AF1E82665300C2ACD6 /* MVP_DemoTests */,
				D556F1BA1E82665300C2ACD6 /* MVP_DemoUITests */,
			);
		};
/* End PBXProject section */

/* Begin PBXResourcesBuildPhase section */
		D556F1951E82665300C2ACD6 /* Resources */ = {
			isa = PBXResourcesBuildPhase;
			buildActionMask = 2147483647;
			files = (
				D524F3391E84FE5A006B85ED /* Info.plist in Resources */,
				D556F1A71E82665300C2ACD6 /* Assets.xcassets in Resources */,
			);
			runOnlyForDeploymentPostprocessing = 0;
		};
		D556F1AE1E82665300C2ACD6 /* Resources */ = {
			isa = PBXResourcesBuildPhase;
			buildActionMask = 2147483647;
			files = (
			);
			runOnlyForDeploymentPostprocessing = 0;
		};
		D556F1B91E82665300C2ACD6 /* Resources */ = {
			isa = PBXResourcesBuildPhase;
			buildActionMask = 2147483647;
			files = (
			);
			runOnlyForDeploymentPostprocessing = 0;
		};
/* End PBXResourcesBuildPhase section */

/* Begin PBXSourcesBuildPhase section */
		D556F1931E82665300C2ACD6 /* Sources */ = {
			isa = PBXSourcesBuildPhase;
			buildActionMask = 2147483647;
			files = (
				D5DAEAC71E85117200E7161A /* RYHomeViewController.m in Sources */,
				D5DAEAF11E85289600E7161A /* RYMyselfViewController.m in Sources */,
				D5DAEAD41E8524BF00E7161A /* RYTabBar.m in Sources */,
				D524F33C1E84FE5A006B85ED /* RYVideoResponseModel.m in Sources */,
				D524F3401E84FE5A006B85ED /* RYVideoView.m in Sources */,
				D524F33E1E84FE5A006B85ED /* RYVideoService.m in Sources */,
				D524F33A1E84FE5A006B85ED /* RYVideoViewController.m in Sources */,
				D524F33D1E84FE5A006B85ED /* RYVideoPresenter.m in Sources */,
				D5DAEAD71E85250A00E7161A /* RYBarButtonItem.m in Sources */,
				D524F3381E84FE5A006B85ED /* main.m in Sources */,
				D524F3411E84FE5A006B85ED /* RYNetworkUtil.m in Sources */,
				D5DAEAD01E85246600E7161A /* RYTabBarController.m in Sources */,
				D524F3371E84FE5A006B85ED /* AppDelegate.m in Sources */,
				D5DAEACA1E85136600E7161A /* UINavigationBar+Extention.m in Sources */,
				D5DAEAFD1E8528E500E7161A /* RYDiscoverViewController.m in Sources */,
				D5DAEAC41E850CEA00E7161A /* RYNavigationController.m in Sources */,
				D524F33F1E84FE5A006B85ED /* RYVideoViewModel.m in Sources */,
				D524F33B1E84FE5A006B85ED /* RYVideoRequestModel.m in Sources */,
			);
			runOnlyForDeploymentPostprocessing = 0;
		};
		D556F1AC1E82665300C2ACD6 /* Sources */ = {
			isa = PBXSourcesBuildPhase;
			buildActionMask = 2147483647;
			files = (
				D556F1B51E82665300C2ACD6 /* MVP_DemoTests.m in Sources */,
			);
			runOnlyForDeploymentPostprocessing = 0;
		};
		D556F1B71E82665300C2ACD6 /* Sources */ = {
			isa = PBXSourcesBuildPhase;
			buildActionMask = 2147483647;
			files = (
				D556F1C01E82665300C2ACD6 /* MVP_DemoUITests.m in Sources */,
			);
			runOnlyForDeploymentPostprocessing = 0;
		};
/* End PBXSourcesBuildPhase section */

/* Begin PBXTargetDependency section */
		D556F1B21E82665300C2ACD6 /* PBXTargetDependency */ = {
			isa = PBXTargetDependency;
			target = D556F1961E82665300C2ACD6 /* MVP_Demo */;
			targetProxy = D556F1B11E82665300C2ACD6 /* PBXContainerItemProxy */;
		};
		D556F1BD1E82665300C2ACD6 /* PBXTargetDependency */ = {
			isa = PBXTargetDependency;
			target = D556F1961E82665300C2ACD6 /* MVP_Demo */;
			targetProxy = D556F1BC1E82665300C2ACD6 /* PBXContainerItemProxy */;
		};
/* End PBXTargetDependency section */

/* Begin XCBuildConfiguration section */
		D556F1C21E82665300C2ACD6 /* Debug */ = {
			isa = XCBuildConfiguration;
			buildSettings = {
				ALWAYS_SEARCH_USER_PATHS = NO;
				CLANG_ANALYZER_NONNULL = YES;
				CLANG_CXX_LANGUAGE_STANDARD = "gnu++0x";
				CLANG_CXX_LIBRARY = "libc++";
				CLANG_ENABLE_MODULES = YES;
				CLANG_ENABLE_OBJC_ARC = YES;
				CLANG_WARN_BOOL_CONVERSION = YES;
				CLANG_WARN_CONSTANT_CONVERSION = YES;
				CLANG_WARN_DIRECT_OBJC_ISA_USAGE = YES_ERROR;
				CLANG_WARN_DOCUMENTATION_COMMENTS = YES;
				CLANG_WARN_EMPTY_BODY = YES;
				CLANG_WARN_ENUM_CONVERSION = YES;
				CLANG_WARN_INFINITE_RECURSION = YES;
				CLANG_WARN_INT_CONVERSION = YES;
				CLANG_WARN_OBJC_ROOT_CLASS = YES_ERROR;
				CLANG_WARN_SUSPICIOUS_MOVE = YES;
				CLANG_WARN_UNREACHABLE_CODE = YES;
				CLANG_WARN__DUPLICATE_METHOD_MATCH = YES;
				"CODE_SIGN_IDENTITY[sdk=iphoneos*]" = "iPhone Developer";
				COPY_PHASE_STRIP = NO;
				DEBUG_INFORMATION_FORMAT = dwarf;
				ENABLE_STRICT_OBJC_MSGSEND = YES;
				ENABLE_TESTABILITY = YES;
				GCC_C_LANGUAGE_STANDARD = gnu99;
				GCC_DYNAMIC_NO_PIC = NO;
				GCC_NO_COMMON_BLOCKS = YES;
				GCC_OPTIMIZATION_LEVEL = 0;
				GCC_PREPROCESSOR_DEFINITIONS = (
					"DEBUG=1",
					"$(inherited)",
				);
				GCC_WARN_64_TO_32_BIT_CONVERSION = YES;
				GCC_WARN_ABOUT_RETURN_TYPE = YES_ERROR;
				GCC_WARN_UNDECLARED_SELECTOR = YES;
				GCC_WARN_UNINITIALIZED_AUTOS = YES_AGGRESSIVE;
				GCC_WARN_UNUSED_FUNCTION = YES;
				GCC_WARN_UNUSED_VARIABLE = YES;
				IPHONEOS_DEPLOYMENT_TARGET = 10.2;
				MTL_ENABLE_DEBUG_INFO = YES;
				ONLY_ACTIVE_ARCH = YES;
				SDKROOT = iphoneos;
			};
			name = Debug;
		};
		D556F1C31E82665300C2ACD6 /* Release */ = {
			isa = XCBuildConfiguration;
			buildSettings = {
				ALWAYS_SEARCH_USER_PATHS = NO;
				CLANG_ANALYZER_NONNULL = YES;
				CLANG_CXX_LANGUAGE_STANDARD = "gnu++0x";
				CLANG_CXX_LIBRARY = "libc++";
				CLANG_ENABLE_MODULES = YES;
				CLANG_ENABLE_OBJC_ARC = YES;
				CLANG_WARN_BOOL_CONVERSION = YES;
				CLANG_WARN_CONSTANT_CONVERSION = YES;
				CLANG_WARN_DIRECT_OBJC_ISA_USAGE = YES_ERROR;
				CLANG_WARN_DOCUMENTATION_COMMENTS = YES;
				CLANG_WARN_EMPTY_BODY = YES;
				CLANG_WARN_ENUM_CONVERSION = YES;
				CLANG_WARN_INFINITE_RECURSION = YES;
				CLANG_WARN_INT_CONVERSION = YES;
				CLANG_WARN_OBJC_ROOT_CLASS = YES_ERROR;
				CLANG_WARN_SUSPICIOUS_MOVE = YES;
				CLANG_WARN_UNREACHABLE_CODE = YES;
				CLANG_WARN__DUPLICATE_METHOD_MATCH = YES;
				"CODE_SIGN_IDENTITY[sdk=iphoneos*]" = "iPhone Developer";
				COPY_PHASE_STRIP = NO;
				DEBUG_INFORMATION_FORMAT = "dwarf-with-dsym";
				ENABLE_NS_ASSERTIONS = NO;
				ENABLE_STRICT_OBJC_MSGSEND = YES;
				GCC_C_LANGUAGE_STANDARD = gnu99;
				GCC_NO_COMMON_BLOCKS = YES;
				GCC_WARN_64_TO_32_BIT_CONVERSION = YES;
				GCC_WARN_ABOUT_RETURN_TYPE = YES_ERROR;
				GCC_WARN_UNDECLARED_SELECTOR = YES;
				GCC_WARN_UNINITIALIZED_AUTOS = YES_AGGRESSIVE;
				GCC_WARN_UNUSED_FUNCTION = YES;
				GCC_WARN_UNUSED_VARIABLE = YES;
				IPHONEOS_DEPLOYMENT_TARGET = 10.2;
				MTL_ENABLE_DEBUG_INFO = NO;
				SDKROOT = iphoneos;
				VALIDATE_PRODUCT = YES;
			};
			name = Release;
		};
		D556F1C51E82665300C2ACD6 /* Debug */ = {
			isa = XCBuildConfiguration;
			buildSettings = {
				ASSETCATALOG_COMPILER_APPICON_NAME = AppIcon;
				ASSETCATALOG_COMPILER_LAUNCHIMAGE_NAME = LaunchImage;
				DEVELOPMENT_TEAM = TYM245E8PV;
				INFOPLIST_FILE = "MVP_Demo/Classes/Resuorces(资源文件)/Plist/Info.plist";
				IPHONEOS_DEPLOYMENT_TARGET = 8.0;
				LD_RUNPATH_SEARCH_PATHS = "$(inherited) @executable_path/Frameworks";
				PRODUCT_BUNDLE_IDENTIFIER = "com.sand.rainer.MVP-Demo";
				PRODUCT_NAME = "$(TARGET_NAME)";
			};
			name = Debug;
		};
		D556F1C61E82665300C2ACD6 /* Release */ = {
			isa = XCBuildConfiguration;
			buildSettings = {
				ASSETCATALOG_COMPILER_APPICON_NAME = AppIcon;
				ASSETCATALOG_COMPILER_LAUNCHIMAGE_NAME = LaunchImage;
				DEVELOPMENT_TEAM = TYM245E8PV;
				INFOPLIST_FILE = "MVP_Demo/Classes/Resuorces(资源文件)/Plist/Info.plist";
				IPHONEOS_DEPLOYMENT_TARGET = 8.0;
				LD_RUNPATH_SEARCH_PATHS = "$(inherited) @executable_path/Frameworks";
				PRODUCT_BUNDLE_IDENTIFIER = "com.sand.rainer.MVP-Demo";
				PRODUCT_NAME = "$(TARGET_NAME)";
			};
			name = Release;
		};
		D556F1C81E82665300C2ACD6 /* Debug */ = {
			isa = XCBuildConfiguration;
			buildSettings = {
				BUNDLE_LOADER = "$(TEST_HOST)";
				INFOPLIST_FILE = MVP_DemoTests/Info.plist;
				LD_RUNPATH_SEARCH_PATHS = "$(inherited) @executable_path/Frameworks @loader_path/Frameworks";
				PRODUCT_BUNDLE_IDENTIFIER = "com.sand.rainer.MVP-DemoTests";
				PRODUCT_NAME = "$(TARGET_NAME)";
				TEST_HOST = "$(BUILT_PRODUCTS_DIR)/MVP_Demo.app/MVP_Demo";
			};
			name = Debug;
		};
		D556F1C91E82665300C2ACD6 /* Release */ = {
			isa = XCBuildConfiguration;
			buildSettings = {
				BUNDLE_LOADER = "$(TEST_HOST)";
				INFOPLIST_FILE = MVP_DemoTests/Info.plist;
				LD_RUNPATH_SEARCH_PATHS = "$(inherited) @executable_path/Frameworks @loader_path/Frameworks";
				PRODUCT_BUNDLE_IDENTIFIER = "com.sand.rainer.MVP-DemoTests";
				PRODUCT_NAME = "$(TARGET_NAME)";
				TEST_HOST = "$(BUILT_PRODUCTS_DIR)/MVP_Demo.app/MVP_Demo";
			};
			name = Release;
		};
		D556F1CB1E82665300C2ACD6 /* Debug */ = {
			isa = XCBuildConfiguration;
			buildSettings = {
				INFOPLIST_FILE = MVP_DemoUITests/Info.plist;
				LD_RUNPATH_SEARCH_PATHS = "$(inherited) @executable_path/Frameworks @loader_path/Frameworks";
				PRODUCT_BUNDLE_IDENTIFIER = "com.sand.rainer.MVP-DemoUITests";
				PRODUCT_NAME = "$(TARGET_NAME)";
				TEST_TARGET_NAME = MVP_Demo;
			};
			name = Debug;
		};
		D556F1CC1E82665300C2ACD6 /* Release */ = {
			isa = XCBuildConfiguration;
			buildSettings = {
				INFOPLIST_FILE = MVP_DemoUITests/Info.plist;
				LD_RUNPATH_SEARCH_PATHS = "$(inherited) @executable_path/Frameworks @loader_path/Frameworks";
				PRODUCT_BUNDLE_IDENTIFIER = "com.sand.rainer.MVP-DemoUITests";
				PRODUCT_NAME = "$(TARGET_NAME)";
				TEST_TARGET_NAME = MVP_Demo;
			};
			name = Release;
		};
/* End XCBuildConfiguration section */

/* Begin XCConfigurationList section */
		D556F1921E82665300C2ACD6 /* Build configuration list for PBXProject "MVP_Demo" */ = {
			isa = XCConfigurationList;
			buildConfigurations = (
				D556F1C21E82665300C2ACD6 /* Debug */,
				D556F1C31E82665300C2ACD6 /* Release */,
			);
			defaultConfigurationIsVisible = 0;
			defaultConfigurationName = Release;
		};
		D556F1C41E82665300C2ACD6 /* Build configuration list for PBXNativeTarget "MVP_Demo" */ = {
			isa = XCConfigurationList;
			buildConfigurations = (
				D556F1C51E82665300C2ACD6 /* Debug */,
				D556F1C61E82665300C2ACD6 /* Release */,
			);
			defaultConfigurationIsVisible = 0;
			defaultConfigurationName = Release;
		};
		D556F1C71E82665300C2ACD6 /* Build configuration list for PBXNativeTarget "MVP_DemoTests" */ = {
			isa = XCConfigurationList;
			buildConfigurations = (
				D556F1C81E82665300C2ACD6 /* Debug */,
				D556F1C91E82665300C2ACD6 /* Release */,
			);
			defaultConfigurationIsVisible = 0;
			defaultConfigurationName = Release;
		};
		D556F1CA1E82665300C2ACD6 /* Build configuration list for PBXNativeTarget "MVP_DemoUITests" */ = {
			isa = XCConfigurationList;
			buildConfigurations = (
				D556F1CB1E82665300C2ACD6 /* Debug */,
				D556F1CC1E82665300C2ACD6 /* Release */,
			);
			defaultConfigurationIsVisible = 0;
			defaultConfigurationName = Release;
		};
/* End XCConfigurationList section */
	};
	rootObject = D556F18F1E82665300C2ACD6 /* Project object */;
}
