// !$*UTF8*$!
{
	archiveVersion = 1;
	classes = {
	};
	objectVersion = 46;
	objects = {

/* Begin PBXBuildFile section */
		D556F19C1E82665300C2ACD6 /* main.m in Sources */ = {isa = PBXBuildFile; fileRef = D556F19B1E82665300C2ACD6 /* main.m */; };
		D556F19F1E82665300C2ACD6 /* AppDelegate.m in Sources */ = {isa = PBXBuildFile; fileRef = D556F19E1E82665300C2ACD6 /* AppDelegate.m */; };
		D556F1A21E82665300C2ACD6 /* ViewController.m in Sources */ = {isa = PBXBuildFile; fileRef = D556F1A11E82665300C2ACD6 /* ViewController.m */; };
		D556F1A51E82665300C2ACD6 /* Main.storyboard in Resources */ = {isa = PBXBuildFile; fileRef = D556F1A31E82665300C2ACD6 /* Main.storyboard */; };
		D556F1A71E82665300C2ACD6 /* Assets.xcassets in Resources */ = {isa = PBXBuildFile; fileRef = D556F1A61E82665300C2ACD6 /* Assets.xcassets */; };
		D556F1AA1E82665300C2ACD6 /* LaunchScreen.storyboard in Resources */ = {isa = PBXBuildFile; fileRef = D556F1A81E82665300C2ACD6 /* LaunchScreen.storyboard */; };
		D556F1B51E82665300C2ACD6 /* MVP_DemoTests.m in Sources */ = {isa = PBXBuildFile; fileRef = D556F1B41E82665300C2ACD6 /* MVP_DemoTests.m */; };
		D556F1C01E82665300C2ACD6 /* MVP_DemoUITests.m in Sources */ = {isa = PBXBuildFile; fileRef = D556F1BF1E82665300C2ACD6 /* MVP_DemoUITests.m */; };
		D556F1CF1E826AB100C2ACD6 /* VideoResponseModel.m in Sources */ = {isa = PBXBuildFile; fileRef = D556F1CE1E826AB100C2ACD6 /* VideoResponseModel.m */; };
		D556F1D21E826BFE00C2ACD6 /* VideoRequestModel.m in Sources */ = {isa = PBXBuildFile; fileRef = D556F1D11E826BFE00C2ACD6 /* VideoRequestModel.m */; };
		D556F1D51E826C1D00C2ACD6 /* VideoViewModel.m in Sources */ = {isa = PBXBuildFile; fileRef = D556F1D41E826C1D00C2ACD6 /* VideoViewModel.m */; };
		D556F1DE1E826D0500C2ACD6 /* NetworkUtil.m in Sources */ = {isa = PBXBuildFile; fileRef = D556F1DD1E826D0500C2ACD6 /* NetworkUtil.m */; };
		D556F1E21E8280CB00C2ACD6 /* VideoService.m in Sources */ = {isa = PBXBuildFile; fileRef = D556F1E11E8280CB00C2ACD6 /* VideoService.m */; };
/* End PBXBuildFile section */

/* Begin PBXContainerItemProxy section */
		D556F1B11E82665300C2ACD6 /* PBXContainerItemProxy */ = {
			isa = PBXContainerItemProxy;
			containerPortal = D556F18F1E82665300C2ACD6 /* Project object */;
			proxyType = 1;
			remoteGlobalIDString = D556F1961E82665300C2ACD6;
			remoteInfo = MVP_Demo;
		};
		D556F1BC1E82665300C2ACD6 /* PBXContainerItemProxy */ = {
			isa = PBXContainerItemProxy;
			containerPortal = D556F18F1E82665300C2ACD6 /* Project object */;
			proxyType = 1;
			remoteGlobalIDString = D556F1961E82665300C2ACD6;
			remoteInfo = MVP_Demo;
		};
/* End PBXContainerItemProxy section */

/* Begin PBXFileReference section */
		D556F1971E82665300C2ACD6 /* MVP_Demo.app */ = {isa = PBXFileReference; explicitFileType = wrapper.application; includeInIndex = 0; path = MVP_Demo.app; sourceTree = BUILT_PRODUCTS_DIR; };
		D556F19B1E82665300C2ACD6 /* main.m */ = {isa = PBXFileReference; lastKnownFileType = sourcecode.c.objc; path = main.m; sourceTree = "<group>"; };
		D556F19D1E82665300C2ACD6 /* AppDelegate.h */ = {isa = PBXFileReference; lastKnownFileType = sourcecode.c.h; path = AppDelegate.h; sourceTree = "<group>"; };
		D556F19E1E82665300C2ACD6 /* AppDelegate.m */ = {isa = PBXFileReference; lastKnownFileType = sourcecode.c.objc; path = AppDelegate.m; sourceTree = "<group>"; };
		D556F1A01E82665300C2ACD6 /* ViewController.h */ = {isa = PBXFileReference; lastKnownFileType = sourcecode.c.h; path = ViewController.h; sourceTree = "<group>"; };
		D556F1A11E82665300C2ACD6 /* ViewController.m */ = {isa = PBXFileReference; lastKnownFileType = sourcecode.c.objc; path = ViewController.m; sourceTree = "<group>"; };
		D556F1A41E82665300C2ACD6 /* Base */ = {isa = PBXFileReference; lastKnownFileType = file.storyboard; name = Base; path = Base.lproj/Main.storyboard; sourceTree = "<group>"; };
		D556F1A61E82665300C2ACD6 /* Assets.xcassets */ = {isa = PBXFileReference; lastKnownFileType = folder.assetcatalog; path = Assets.xcassets; sourceTree = "<group>"; };
		D556F1A91E82665300C2ACD6 /* Base */ = {isa = PBXFileReference; lastKnownFileType = file.storyboard; name = Base; path = Base.lproj/LaunchScreen.storyboard; sourceTree = "<group>"; };
		D556F1AB1E82665300C2ACD6 /* Info.plist */ = {isa = PBXFileReference; lastKnownFileType = text.plist.xml; path = Info.plist; sourceTree = "<group>"; };
		D556F1B01E82665300C2ACD6 /* MVP_DemoTests.xctest */ = {isa = PBXFileReference; explicitFileType = wrapper.cfbundle; includeInIndex = 0; path = MVP_DemoTests.xctest; sourceTree = BUILT_PRODUCTS_DIR; };
		D556F1B41E82665300C2ACD6 /* MVP_DemoTests.m */ = {isa = PBXFileReference; lastKnownFileType = sourcecode.c.objc; path = MVP_DemoTests.m; sourceTree = "<group>"; };
		D556F1B61E82665300C2ACD6 /* Info.plist */ = {isa = PBXFileReference; lastKnownFileType = text.plist.xml; path = Info.plist; sourceTree = "<group>"; };
		D556F1BB1E82665300C2ACD6 /* MVP_DemoUITests.xctest */ = {isa = PBXFileReference; explicitFileType = wrapper.cfbundle; includeInIndex = 0; path = MVP_DemoUITests.xctest; sourceTree = BUILT_PRODUCTS_DIR; };
		D556F1BF1E82665300C2ACD6 /* MVP_DemoUITests.m */ = {isa = PBXFileReference; lastKnownFileType = sourcecode.c.objc; path = MVP_DemoUITests.m; sourceTree = "<group>"; };
		D556F1C11E82665300C2ACD6 /* Info.plist */ = {isa = PBXFileReference; lastKnownFileType = text.plist.xml; path = Info.plist; sourceTree = "<group>"; };
		D556F1CD1E826AB100C2ACD6 /* VideoResponseModel.h */ = {isa = PBXFileReference; fileEncoding = 4; lastKnownFileType = sourcecode.c.h; path = VideoResponseModel.h; sourceTree = "<group>"; };
		D556F1CE1E826AB100C2ACD6 /* VideoResponseModel.m */ = {isa = PBXFileReference; fileEncoding = 4; lastKnownFileType = sourcecode.c.objc; path = VideoResponseModel.m; sourceTree = "<group>"; };
		D556F1D01E826BFE00C2ACD6 /* VideoRequestModel.h */ = {isa = PBXFileReference; fileEncoding = 4; lastKnownFileType = sourcecode.c.h; path = VideoRequestModel.h; sourceTree = "<group>"; };
		D556F1D11E826BFE00C2ACD6 /* VideoRequestModel.m */ = {isa = PBXFileReference; fileEncoding = 4; lastKnownFileType = sourcecode.c.objc; path = VideoRequestModel.m; sourceTree = "<group>"; };
		D556F1D31E826C1D00C2ACD6 /* VideoViewModel.h */ = {isa = PBXFileReference; fileEncoding = 4; lastKnownFileType = sourcecode.c.h; path = VideoViewModel.h; sourceTree = "<group>"; };
		D556F1D41E826C1D00C2ACD6 /* VideoViewModel.m */ = {isa = PBXFileReference; fileEncoding = 4; lastKnownFileType = sourcecode.c.objc; path = VideoViewModel.m; sourceTree = "<group>"; };
		D556F1DC1E826D0500C2ACD6 /* NetworkUtil.h */ = {isa = PBXFileReference; fileEncoding = 4; lastKnownFileType = sourcecode.c.h; path = NetworkUtil.h; sourceTree = "<group>"; };
		D556F1DD1E826D0500C2ACD6 /* NetworkUtil.m */ = {isa = PBXFileReference; fileEncoding = 4; lastKnownFileType = sourcecode.c.objc; path = NetworkUtil.m; sourceTree = "<group>"; };
		D556F1E01E8280CB00C2ACD6 /* VideoService.h */ = {isa = PBXFileReference; fileEncoding = 4; lastKnownFileType = sourcecode.c.h; path = VideoService.h; sourceTree = "<group>"; };
		D556F1E11E8280CB00C2ACD6 /* VideoService.m */ = {isa = PBXFileReference; fileEncoding = 4; lastKnownFileType = sourcecode.c.objc; path = VideoService.m; sourceTree = "<group>"; };
/* End PBXFileReference section */

/* Begin PBXFrameworksBuildPhase section */
		D556F1941E82665300C2ACD6 /* Frameworks */ = {
			isa = PBXFrameworksBuildPhase;
			buildActionMask = 2147483647;
			files = (
			);
			runOnlyForDeploymentPostprocessing = 0;
		};
		D556F1AD1E82665300C2ACD6 /* Frameworks */ = {
			isa = PBXFrameworksBuildPhase;
			buildActionMask = 2147483647;
			files = (
			);
			runOnlyForDeploymentPostprocessing = 0;
		};
		D556F1B81E82665300C2ACD6 /* Frameworks */ = {
			isa = PBXFrameworksBuildPhase;
			buildActionMask = 2147483647;
			files = (
			);
			runOnlyForDeploymentPostprocessing = 0;
		};
/* End PBXFrameworksBuildPhase section */

/* Begin PBXGroup section */
		D556F18E1E82665200C2ACD6 = {
			isa = PBXGroup;
			children = (
				D556F1991E82665300C2ACD6 /* MVP_Demo */,
				D556F1B31E82665300C2ACD6 /* MVP_DemoTests */,
				D556F1BE1E82665300C2ACD6 /* MVP_DemoUITests */,
				D556F1981E82665300C2ACD6 /* Products */,
			);
			sourceTree = "<group>";
		};
		D556F1981E82665300C2ACD6 /* Products */ = {
			isa = PBXGroup;
			children = (
				D556F1971E82665300C2ACD6 /* MVP_Demo.app */,
				D556F1B01E82665300C2ACD6 /* MVP_DemoTests.xctest */,
				D556F1BB1E82665300C2ACD6 /* MVP_DemoUITests.xctest */,
			);
			name = Products;
			sourceTree = "<group>";
		};
		D556F1991E82665300C2ACD6 /* MVP_Demo */ = {
			isa = PBXGroup;
			children = (
				D556F1DF1E8280A700C2ACD6 /* Service */,
				D556F1DB1E826CC200C2ACD6 /* Utility */,
				D556F1D81E826C5700C2ACD6 /* Presenter */,
				D556F1D71E826C4900C2ACD6 /* Views */,
				D556F1D61E826C2800C2ACD6 /* Model */,
				D556F19D1E82665300C2ACD6 /* AppDelegate.h */,
				D556F19E1E82665300C2ACD6 /* AppDelegate.m */,
				D556F1A01E82665300C2ACD6 /* ViewController.h */,
				D556F1A11E82665300C2ACD6 /* ViewController.m */,
				D556F1A31E82665300C2ACD6 /* Main.storyboard */,
				D556F1A61E82665300C2ACD6 /* Assets.xcassets */,
				D556F1A81E82665300C2ACD6 /* LaunchScreen.storyboard */,
				D556F1AB1E82665300C2ACD6 /* Info.plist */,
				D556F19A1E82665300C2ACD6 /* Supporting Files */,
			);
			path = MVP_Demo;
			sourceTree = "<group>";
		};
		D556F19A1E82665300C2ACD6 /* Supporting Files */ = {
			isa = PBXGroup;
			children = (
				D556F19B1E82665300C2ACD6 /* main.m */,
			);
			name = "Supporting Files";
			sourceTree = "<group>";
		};
		D556F1B31E82665300C2ACD6 /* MVP_DemoTests */ = {
			isa = PBXGroup;
			children = (
				D556F1B41E82665300C2ACD6 /* MVP_DemoTests.m */,
				D556F1B61E82665300C2ACD6 /* Info.plist */,
			);
			path = MVP_DemoTests;
			sourceTree = "<group>";
		};
		D556F1BE1E82665300C2ACD6 /* MVP_DemoUITests */ = {
			isa = PBXGroup;
			children = (
				D556F1BF1E82665300C2ACD6 /* MVP_DemoUITests.m */,
				D556F1C11E82665300C2ACD6 /* Info.plist */,
			);
			path = MVP_DemoUITests;
			sourceTree = "<group>";
		};
		D556F1D61E826C2800C2ACD6 /* Model */ = {
			isa = PBXGroup;
			children = (
				D556F1DA1E826C8400C2ACD6 /* ViewModel */,
				D556F1D91E826C7B00C2ACD6 /* DataModel */,
			);
			name = Model;
			sourceTree = "<group>";
		};
		D556F1D71E826C4900C2ACD6 /* Views */ = {
			isa = PBXGroup;
			children = (
			);
			name = Views;
			sourceTree = "<group>";
		};
		D556F1D81E826C5700C2ACD6 /* Presenter */ = {
			isa = PBXGroup;
			children = (
			);
			name = Presenter;
			sourceTree = "<group>";
		};
		D556F1D91E826C7B00C2ACD6 /* DataModel */ = {
			isa = PBXGroup;
			children = (
				D556F1CD1E826AB100C2ACD6 /* VideoResponseModel.h */,
				D556F1CE1E826AB100C2ACD6 /* VideoResponseModel.m */,
				D556F1D01E826BFE00C2ACD6 /* VideoRequestModel.h */,
				D556F1D11E826BFE00C2ACD6 /* VideoRequestModel.m */,
			);
			name = DataModel;
			sourceTree = "<group>";
		};
		D556F1DA1E826C8400C2ACD6 /* ViewModel */ = {
			isa = PBXGroup;
			children = (
				D556F1D31E826C1D00C2ACD6 /* VideoViewModel.h */,
				D556F1D41E826C1D00C2ACD6 /* VideoViewModel.m */,
			);
			name = ViewModel;
			sourceTree = "<group>";
		};
		D556F1DB1E826CC200C2ACD6 /* Utility */ = {
			isa = PBXGroup;
			children = (
				D556F1DC1E826D0500C2ACD6 /* NetworkUtil.h */,
				D556F1DD1E826D0500C2ACD6 /* NetworkUtil.m */,
			);
			name = Utility;
			sourceTree = "<group>";
		};
		D556F1DF1E8280A700C2ACD6 /* Service */ = {
			isa = PBXGroup;
			children = (
				D556F1E01E8280CB00C2ACD6 /* VideoService.h */,
				D556F1E11E8280CB00C2ACD6 /* VideoService.m */,
			);
			name = Service;
			sourceTree = "<group>";
		};
/* End PBXGroup section */

/* Begin PBXNativeTarget section */
		D556F1961E82665300C2ACD6 /* MVP_Demo */ = {
			isa = PBXNativeTarget;
			buildConfigurationList = D556F1C41E82665300C2ACD6 /* Build configuration list for PBXNativeTarget "MVP_Demo" */;
			buildPhases = (
				D556F1931E82665300C2ACD6 /* Sources */,
				D556F1941E82665300C2ACD6 /* Frameworks */,
				D556F1951E82665300C2ACD6 /* Resources */,
			);
			buildRules = (
			);
			dependencies = (
			);
			name = MVP_Demo;
			productName = MVP_Demo;
			productReference = D556F1971E82665300C2ACD6 /* MVP_Demo.app */;
			productType = "com.apple.product-type.application";
		};
		D556F1AF1E82665300C2ACD6 /* MVP_DemoTests */ = {
			isa = PBXNativeTarget;
			buildConfigurationList = D556F1C71E82665300C2ACD6 /* Build configuration list for PBXNativeTarget "MVP_DemoTests" */;
			buildPhases = (
				D556F1AC1E82665300C2ACD6 /* Sources */,
				D556F1AD1E82665300C2ACD6 /* Frameworks */,
				D556F1AE1E82665300C2ACD6 /* Resources */,
			);
			buildRules = (
			);
			dependencies = (
				D556F1B21E82665300C2ACD6 /* PBXTargetDependency */,
			);
			name = MVP_DemoTests;
			productName = MVP_DemoTests;
			productReference = D556F1B01E82665300C2ACD6 /* MVP_DemoTests.xctest */;
			productType = "com.apple.product-type.bundle.unit-test";
		};
		D556F1BA1E82665300C2ACD6 /* MVP_DemoUITests */ = {
			isa = PBXNativeTarget;
			buildConfigurationList = D556F1CA1E82665300C2ACD6 /* Build configuration list for PBXNativeTarget "MVP_DemoUITests" */;
			buildPhases = (
				D556F1B71E82665300C2ACD6 /* Sources */,
				D556F1B81E82665300C2ACD6 /* Frameworks */,
				D556F1B91E82665300C2ACD6 /* Resources */,
			);
			buildRules = (
			);
			dependencies = (
				D556F1BD1E82665300C2ACD6 /* PBXTargetDependency */,
			);
			name = MVP_DemoUITests;
			productName = MVP_DemoUITests;
			productReference = D556F1BB1E82665300C2ACD6 /* MVP_DemoUITests.xctest */;
			productType = "com.apple.product-type.bundle.ui-testing";
		};
/* End PBXNativeTarget section */

/* Begin PBXProject section */
		D556F18F1E82665300C2ACD6 /* Project object */ = {
			isa = PBXProject;
			attributes = {
				LastUpgradeCheck = 0820;
				ORGANIZATIONNAME = Rainer;
				TargetAttributes = {
					D556F1961E82665300C2ACD6 = {
						CreatedOnToolsVersion = 8.2.1;
						DevelopmentTeam = TYM245E8PV;
						ProvisioningStyle = Automatic;
					};
					D556F1AF1E82665300C2ACD6 = {
						CreatedOnToolsVersion = 8.2.1;
						ProvisioningStyle = Automatic;
						TestTargetID = D556F1961E82665300C2ACD6;
					};
					D556F1BA1E82665300C2ACD6 = {
						CreatedOnToolsVersion = 8.2.1;
						ProvisioningStyle = Automatic;
						TestTargetID = D556F1961E82665300C2ACD6;
					};
				};
			};
			buildConfigurationList = D556F1921E82665300C2ACD6 /* Build configuration list for PBXProject "MVP_Demo" */;
			compatibilityVersion = "Xcode 3.2";
			developmentRegion = English;
			hasScannedForEncodings = 0;
			knownRegions = (
				en,
				Base,
			);
			mainGroup = D556F18E1E82665200C2ACD6;
			productRefGroup = D556F1981E82665300C2ACD6 /* Products */;
			projectDirPath = "";
			projectRoot = "";
			targets = (
				D556F1961E82665300C2ACD6 /* MVP_Demo */,
				D556F1AF1E82665300C2ACD6 /* MVP_DemoTests */,
				D556F1BA1E82665300C2ACD6 /* MVP_DemoUITests */,
			);
		};
/* End PBXProject section */

/* Begin PBXResourcesBuildPhase section */
		D556F1951E82665300C2ACD6 /* Resources */ = {
			isa = PBXResourcesBuildPhase;
			buildActionMask = 2147483647;
			files = (
				D556F1AA1E82665300C2ACD6 /* LaunchScreen.storyboard in Resources */,
				D556F1A71E82665300C2ACD6 /* Assets.xcassets in Resources */,
				D556F1A51E82665300C2ACD6 /* Main.storyboard in Resources */,
			);
			runOnlyForDeploymentPostprocessing = 0;
		};
		D556F1AE1E82665300C2ACD6 /* Resources */ = {
			isa = PBXResourcesBuildPhase;
			buildActionMask = 2147483647;
			files = (
			);
			runOnlyForDeploymentPostprocessing = 0;
		};
		D556F1B91E82665300C2ACD6 /* Resources */ = {
			isa = PBXResourcesBuildPhase;
			buildActionMask = 2147483647;
			files = (
			);
			runOnlyForDeploymentPostprocessing = 0;
		};
/* End PBXResourcesBuildPhase section */

/* Begin PBXSourcesBuildPhase section */
		D556F1931E82665300C2ACD6 /* Sources */ = {
			isa = PBXSourcesBuildPhase;
			buildActionMask = 2147483647;
			files = (
				D556F1D21E826BFE00C2ACD6 /* VideoRequestModel.m in Sources */,
				D556F1E21E8280CB00C2ACD6 /* VideoService.m in Sources */,
				D556F1A21E82665300C2ACD6 /* ViewController.m in Sources */,
				D556F19F1E82665300C2ACD6 /* AppDelegate.m in Sources */,
				D556F19C1E82665300C2ACD6 /* main.m in Sources */,
				D556F1DE1E826D0500C2ACD6 /* NetworkUtil.m in Sources */,
				D556F1D51E826C1D00C2ACD6 /* VideoViewModel.m in Sources */,
				D556F1CF1E826AB100C2ACD6 /* VideoResponseModel.m in Sources */,
			);
			runOnlyForDeploymentPostprocessing = 0;
		};
		D556F1AC1E82665300C2ACD6 /* Sources */ = {
			isa = PBXSourcesBuildPhase;
			buildActionMask = 2147483647;
			files = (
				D556F1B51E82665300C2ACD6 /* MVP_DemoTests.m in Sources */,
			);
			runOnlyForDeploymentPostprocessing = 0;
		};
		D556F1B71E82665300C2ACD6 /* Sources */ = {
			isa = PBXSourcesBuildPhase;
			buildActionMask = 2147483647;
			files = (
				D556F1C01E82665300C2ACD6 /* MVP_DemoUITests.m in Sources */,
			);
			runOnlyForDeploymentPostprocessing = 0;
		};
/* End PBXSourcesBuildPhase section */

/* Begin PBXTargetDependency section */
		D556F1B21E82665300C2ACD6 /* PBXTargetDependency */ = {
			isa = PBXTargetDependency;
			target = D556F1961E82665300C2ACD6 /* MVP_Demo */;
			targetProxy = D556F1B11E82665300C2ACD6 /* PBXContainerItemProxy */;
		};
		D556F1BD1E82665300C2ACD6 /* PBXTargetDependency */ = {
			isa = PBXTargetDependency;
			target = D556F1961E82665300C2ACD6 /* MVP_Demo */;
			targetProxy = D556F1BC1E82665300C2ACD6 /* PBXContainerItemProxy */;
		};
/* End PBXTargetDependency section */

/* Begin PBXVariantGroup section */
		D556F1A31E82665300C2ACD6 /* Main.storyboard */ = {
			isa = PBXVariantGroup;
			children = (
				D556F1A41E82665300C2ACD6 /* Base */,
			);
			name = Main.storyboard;
			sourceTree = "<group>";
		};
		D556F1A81E82665300C2ACD6 /* LaunchScreen.storyboard */ = {
			isa = PBXVariantGroup;
			children = (
				D556F1A91E82665300C2ACD6 /* Base */,
			);
			name = LaunchScreen.storyboard;
			sourceTree = "<group>";
		};
/* End PBXVariantGroup section */

/* Begin XCBuildConfiguration section */
		D556F1C21E82665300C2ACD6 /* Debug */ = {
			isa = XCBuildConfiguration;
			buildSettings = {
				ALWAYS_SEARCH_USER_PATHS = NO;
				CLANG_ANALYZER_NONNULL = YES;
				CLANG_CXX_LANGUAGE_STANDARD = "gnu++0x";
				CLANG_CXX_LIBRARY = "libc++";
				CLANG_ENABLE_MODULES = YES;
				CLANG_ENABLE_OBJC_ARC = YES;
				CLANG_WARN_BOOL_CONVERSION = YES;
				CLANG_WARN_CONSTANT_CONVERSION = YES;
				CLANG_WARN_DIRECT_OBJC_ISA_USAGE = YES_ERROR;
				CLANG_WARN_DOCUMENTATION_COMMENTS = YES;
				CLANG_WARN_EMPTY_BODY = YES;
				CLANG_WARN_ENUM_CONVERSION = YES;
				CLANG_WARN_INFINITE_RECURSION = YES;
				CLANG_WARN_INT_CONVERSION = YES;
				CLANG_WARN_OBJC_ROOT_CLASS = YES_ERROR;
				CLANG_WARN_SUSPICIOUS_MOVE = YES;
				CLANG_WARN_UNREACHABLE_CODE = YES;
				CLANG_WARN__DUPLICATE_METHOD_MATCH = YES;
				"CODE_SIGN_IDENTITY[sdk=iphoneos*]" = "iPhone Developer";
				COPY_PHASE_STRIP = NO;
				DEBUG_INFORMATION_FORMAT = dwarf;
				ENABLE_STRICT_OBJC_MSGSEND = YES;
				ENABLE_TESTABILITY = YES;
				GCC_C_LANGUAGE_STANDARD = gnu99;
				GCC_DYNAMIC_NO_PIC = NO;
				GCC_NO_COMMON_BLOCKS = YES;
				GCC_OPTIMIZATION_LEVEL = 0;
				GCC_PREPROCESSOR_DEFINITIONS = (
					"DEBUG=1",
					"$(inherited)",
				);
				GCC_WARN_64_TO_32_BIT_CONVERSION = YES;
				GCC_WARN_ABOUT_RETURN_TYPE = YES_ERROR;
				GCC_WARN_UNDECLARED_SELECTOR = YES;
				GCC_WARN_UNINITIALIZED_AUTOS = YES_AGGRESSIVE;
				GCC_WARN_UNUSED_FUNCTION = YES;
				GCC_WARN_UNUSED_VARIABLE = YES;
				IPHONEOS_DEPLOYMENT_TARGET = 10.2;
				MTL_ENABLE_DEBUG_INFO = YES;
				ONLY_ACTIVE_ARCH = YES;
				SDKROOT = iphoneos;
			};
			name = Debug;
		};
		D556F1C31E82665300C2ACD6 /* Release */ = {
			isa = XCBuildConfiguration;
			buildSettings = {
				ALWAYS_SEARCH_USER_PATHS = NO;
				CLANG_ANALYZER_NONNULL = YES;
				CLANG_CXX_LANGUAGE_STANDARD = "gnu++0x";
				CLANG_CXX_LIBRARY = "libc++";
				CLANG_ENABLE_MODULES = YES;
				CLANG_ENABLE_OBJC_ARC = YES;
				CLANG_WARN_BOOL_CONVERSION = YES;
				CLANG_WARN_CONSTANT_CONVERSION = YES;
				CLANG_WARN_DIRECT_OBJC_ISA_USAGE = YES_ERROR;
				CLANG_WARN_DOCUMENTATION_COMMENTS = YES;
				CLANG_WARN_EMPTY_BODY = YES;
				CLANG_WARN_ENUM_CONVERSION = YES;
				CLANG_WARN_INFINITE_RECURSION = YES;
				CLANG_WARN_INT_CONVERSION = YES;
				CLANG_WARN_OBJC_ROOT_CLASS = YES_ERROR;
				CLANG_WARN_SUSPICIOUS_MOVE = YES;
				CLANG_WARN_UNREACHABLE_CODE = YES;
				CLANG_WARN__DUPLICATE_METHOD_MATCH = YES;
				"CODE_SIGN_IDENTITY[sdk=iphoneos*]" = "iPhone Developer";
				COPY_PHASE_STRIP = NO;
				DEBUG_INFORMATION_FORMAT = "dwarf-with-dsym";
				ENABLE_NS_ASSERTIONS = NO;
				ENABLE_STRICT_OBJC_MSGSEND = YES;
				GCC_C_LANGUAGE_STANDARD = gnu99;
				GCC_NO_COMMON_BLOCKS = YES;
				GCC_WARN_64_TO_32_BIT_CONVERSION = YES;
				GCC_WARN_ABOUT_RETURN_TYPE = YES_ERROR;
				GCC_WARN_UNDECLARED_SELECTOR = YES;
				GCC_WARN_UNINITIALIZED_AUTOS = YES_AGGRESSIVE;
				GCC_WARN_UNUSED_FUNCTION = YES;
				GCC_WARN_UNUSED_VARIABLE = YES;
				IPHONEOS_DEPLOYMENT_TARGET = 10.2;
				MTL_ENABLE_DEBUG_INFO = NO;
				SDKROOT = iphoneos;
				VALIDATE_PRODUCT = YES;
			};
			name = Release;
		};
		D556F1C51E82665300C2ACD6 /* Debug */ = {
			isa = XCBuildConfiguration;
			buildSettings = {
				ASSETCATALOG_COMPILER_APPICON_NAME = AppIcon;
				DEVELOPMENT_TEAM = TYM245E8PV;
				INFOPLIST_FILE = MVP_Demo/Info.plist;
				LD_RUNPATH_SEARCH_PATHS = "$(inherited) @executable_path/Frameworks";
				PRODUCT_BUNDLE_IDENTIFIER = "com.sand.rainer.MVP-Demo";
				PRODUCT_NAME = "$(TARGET_NAME)";
			};
			name = Debug;
		};
		D556F1C61E82665300C2ACD6 /* Release */ = {
			isa = XCBuildConfiguration;
			buildSettings = {
				ASSETCATALOG_COMPILER_APPICON_NAME = AppIcon;
				DEVELOPMENT_TEAM = TYM245E8PV;
				INFOPLIST_FILE = MVP_Demo/Info.plist;
				LD_RUNPATH_SEARCH_PATHS = "$(inherited) @executable_path/Frameworks";
				PRODUCT_BUNDLE_IDENTIFIER = "com.sand.rainer.MVP-Demo";
				PRODUCT_NAME = "$(TARGET_NAME)";
			};
			name = Release;
		};
		D556F1C81E82665300C2ACD6 /* Debug */ = {
			isa = XCBuildConfiguration;
			buildSettings = {
				BUNDLE_LOADER = "$(TEST_HOST)";
				INFOPLIST_FILE = MVP_DemoTests/Info.plist;
				LD_RUNPATH_SEARCH_PATHS = "$(inherited) @executable_path/Frameworks @loader_path/Frameworks";
				PRODUCT_BUNDLE_IDENTIFIER = "com.sand.rainer.MVP-DemoTests";
				PRODUCT_NAME = "$(TARGET_NAME)";
				TEST_HOST = "$(BUILT_PRODUCTS_DIR)/MVP_Demo.app/MVP_Demo";
			};
			name = Debug;
		};
		D556F1C91E82665300C2ACD6 /* Release */ = {
			isa = XCBuildConfiguration;
			buildSettings = {
				BUNDLE_LOADER = "$(TEST_HOST)";
				INFOPLIST_FILE = MVP_DemoTests/Info.plist;
				LD_RUNPATH_SEARCH_PATHS = "$(inherited) @executable_path/Frameworks @loader_path/Frameworks";
				PRODUCT_BUNDLE_IDENTIFIER = "com.sand.rainer.MVP-DemoTests";
				PRODUCT_NAME = "$(TARGET_NAME)";
				TEST_HOST = "$(BUILT_PRODUCTS_DIR)/MVP_Demo.app/MVP_Demo";
			};
			name = Release;
		};
		D556F1CB1E82665300C2ACD6 /* Debug */ = {
			isa = XCBuildConfiguration;
			buildSettings = {
				INFOPLIST_FILE = MVP_DemoUITests/Info.plist;
				LD_RUNPATH_SEARCH_PATHS = "$(inherited) @executable_path/Frameworks @loader_path/Frameworks";
				PRODUCT_BUNDLE_IDENTIFIER = "com.sand.rainer.MVP-DemoUITests";
				PRODUCT_NAME = "$(TARGET_NAME)";
				TEST_TARGET_NAME = MVP_Demo;
			};
			name = Debug;
		};
		D556F1CC1E82665300C2ACD6 /* Release */ = {
			isa = XCBuildConfiguration;
			buildSettings = {
				INFOPLIST_FILE = MVP_DemoUITests/Info.plist;
				LD_RUNPATH_SEARCH_PATHS = "$(inherited) @executable_path/Frameworks @loader_path/Frameworks";
				PRODUCT_BUNDLE_IDENTIFIER = "com.sand.rainer.MVP-DemoUITests";
				PRODUCT_NAME = "$(TARGET_NAME)";
				TEST_TARGET_NAME = MVP_Demo;
			};
			name = Release;
		};
/* End XCBuildConfiguration section */

/* Begin XCConfigurationList section */
		D556F1921E82665300C2ACD6 /* Build configuration list for PBXProject "MVP_Demo" */ = {
			isa = XCConfigurationList;
			buildConfigurations = (
				D556F1C21E82665300C2ACD6 /* Debug */,
				D556F1C31E82665300C2ACD6 /* Release */,
			);
			defaultConfigurationIsVisible = 0;
			defaultConfigurationName = Release;
		};
		D556F1C41E82665300C2ACD6 /* Build configuration list for PBXNativeTarget "MVP_Demo" */ = {
			isa = XCConfigurationList;
			buildConfigurations = (
				D556F1C51E82665300C2ACD6 /* Debug */,
				D556F1C61E82665300C2ACD6 /* Release */,
			);
			defaultConfigurationIsVisible = 0;
		};
		D556F1C71E82665300C2ACD6 /* Build configuration list for PBXNativeTarget "MVP_DemoTests" */ = {
			isa = XCConfigurationList;
			buildConfigurations = (
				D556F1C81E82665300C2ACD6 /* Debug */,
				D556F1C91E82665300C2ACD6 /* Release */,
			);
			defaultConfigurationIsVisible = 0;
		};
		D556F1CA1E82665300C2ACD6 /* Build configuration list for PBXNativeTarget "MVP_DemoUITests" */ = {
			isa = XCConfigurationList;
			buildConfigurations = (
				D556F1CB1E82665300C2ACD6 /* Debug */,
				D556F1CC1E82665300C2ACD6 /* Release */,
			);
			defaultConfigurationIsVisible = 0;
		};
/* End XCConfigurationList section */
	};
	rootObject = D556F18F1E82665300C2ACD6 /* Project object */;
}
